// !$*UTF8*$!
{
	archiveVersion = 1;
	classes = {
	};
	objectVersion = 48;
	objects = {

/* Begin PBXBuildFile section */
		7018787A1FE1AB0500DA9AB7 /* StartScene.swift in Sources */ = {isa = PBXBuildFile; fileRef = 701878781FE1AB0500DA9AB7 /* StartScene.swift */; };
		7018787B1FE1AB0500DA9AB7 /* LevelCompleteScene.swift in Sources */ = {isa = PBXBuildFile; fileRef = 701878791FE1AB0500DA9AB7 /* LevelCompleteScene.swift */; };
		7018787D1FE1AB1200DA9AB7 /* GameScene.swift in Sources */ = {isa = PBXBuildFile; fileRef = 7018787C1FE1AB1200DA9AB7 /* GameScene.swift */; };
		701878831FE1ADF200DA9AB7 /* laser sound.mp3 in Resources */ = {isa = PBXBuildFile; fileRef = 7018787E1FE1ADF200DA9AB7 /* laser sound.mp3 */; };
		701878841FE1ADF200DA9AB7 /* powerup sound.mp3 in Resources */ = {isa = PBXBuildFile; fileRef = 7018787F1FE1ADF200DA9AB7 /* powerup sound.mp3 */; };
		701878851FE1ADF200DA9AB7 /* invader sound.mp3 in Resources */ = {isa = PBXBuildFile; fileRef = 701878801FE1ADF200DA9AB7 /* invader sound.mp3 */; };
		701878861FE1ADF200DA9AB7 /* boss sound.mp3 in Resources */ = {isa = PBXBuildFile; fileRef = 701878811FE1ADF200DA9AB7 /* boss sound.mp3 */; };
		701878871FE1ADF200DA9AB7 /* extra sound.mp3 in Resources */ = {isa = PBXBuildFile; fileRef = 701878821FE1ADF200DA9AB7 /* extra sound.mp3 */; };
		7018788A1FE1AE8F00DA9AB7 /* Utilities.swift in Sources */ = {isa = PBXBuildFile; fileRef = 701878891FE1AE8F00DA9AB7 /* Utilities.swift */; };
		7018788C1FE1AF5A00DA9AB7 /* StarField.sks in Resources */ = {isa = PBXBuildFile; fileRef = 7018788B1FE1AF5A00DA9AB7 /* StarField.sks */; };
		701878921FE1B2C000DA9AB7 /* Invader.swift in Sources */ = {isa = PBXBuildFile; fileRef = 7018788D1FE1B2BF00DA9AB7 /* Invader.swift */; };
		701878931FE1B2C000DA9AB7 /* Projectile.swift in Sources */ = {isa = PBXBuildFile; fileRef = 7018788E1FE1B2BF00DA9AB7 /* Projectile.swift */; };
		701878941FE1B2C000DA9AB7 /* InvaderLaser.swift in Sources */ = {isa = PBXBuildFile; fileRef = 7018788F1FE1B2BF00DA9AB7 /* InvaderLaser.swift */; };
		701878951FE1B2C000DA9AB7 /* Player.swift in Sources */ = {isa = PBXBuildFile; fileRef = 701878901FE1B2BF00DA9AB7 /* Player.swift */; };
		701878961FE1B2C000DA9AB7 /* PlayerLaser.swift in Sources */ = {isa = PBXBuildFile; fileRef = 701878911FE1B2BF00DA9AB7 /* PlayerLaser.swift */; };
		7018EACF1FCF39D4002EFDD0 /* InternetDetailViewController.swift in Sources */ = {isa = PBXBuildFile; fileRef = 7018EACE1FCF39D4002EFDD0 /* InternetDetailViewController.swift */; };
		7018EAD21FCF3BB7002EFDD0 /* WebKit.framework in Frameworks */ = {isa = PBXBuildFile; fileRef = 7018EAD11FCF3BB7002EFDD0 /* WebKit.framework */; };
		7051F1031FA2574E00A88E06 /* AppDelegate.swift in Sources */ = {isa = PBXBuildFile; fileRef = 7051F1021FA2574E00A88E06 /* AppDelegate.swift */; };
		7051F1051FA2574E00A88E06 /* ViewController.swift in Sources */ = {isa = PBXBuildFile; fileRef = 7051F1041FA2574E00A88E06 /* ViewController.swift */; };
		7051F1081FA2574E00A88E06 /* Main.storyboard in Resources */ = {isa = PBXBuildFile; fileRef = 7051F1061FA2574E00A88E06 /* Main.storyboard */; };
		7051F10A1FA2574E00A88E06 /* Assets.xcassets in Resources */ = {isa = PBXBuildFile; fileRef = 7051F1091FA2574E00A88E06 /* Assets.xcassets */; };
		7051F1191FA25B9C00A88E06 /* CreativityViewController.swift in Sources */ = {isa = PBXBuildFile; fileRef = 7051F1181FA25B9C00A88E06 /* CreativityViewController.swift */; };
		7051F11B1FA25BED00A88E06 /* AbstractionViewController.swift in Sources */ = {isa = PBXBuildFile; fileRef = 7051F11A1FA25BED00A88E06 /* AbstractionViewController.swift */; };
		7051F11D1FA25C1800A88E06 /* DataViewController.swift in Sources */ = {isa = PBXBuildFile; fileRef = 7051F11C1FA25C1800A88E06 /* DataViewController.swift */; };
		7051F11F1FA25C2E00A88E06 /* AlgorithmsViewController.swift in Sources */ = {isa = PBXBuildFile; fileRef = 7051F11E1FA25C2E00A88E06 /* AlgorithmsViewController.swift */; };
		7051F1211FA25C4000A88E06 /* ProgrammingViewController.swift in Sources */ = {isa = PBXBuildFile; fileRef = 7051F1201FA25C4000A88E06 /* ProgrammingViewController.swift */; };
		7051F1231FA25C6700A88E06 /* InternetMasterViewController.swift in Sources */ = {isa = PBXBuildFile; fileRef = 7051F1221FA25C6700A88E06 /* InternetMasterViewController.swift */; };
		7051F1251FA25C8000A88E06 /* GlobalImpactViewController.swift in Sources */ = {isa = PBXBuildFile; fileRef = 7051F1241FA25C8000A88E06 /* GlobalImpactViewController.swift */; };
		705F9C281FC361670012FC6E /* Punchable.swift in Sources */ = {isa = PBXBuildFile; fileRef = 705F9C271FC361670012FC6E /* Punchable.swift */; };
		705F9C2A1FC362890012FC6E /* Demon.swift in Sources */ = {isa = PBXBuildFile; fileRef = 705F9C291FC362890012FC6E /* Demon.swift */; };
		709E424B1FD9D36A005A3676 /* ArtCell.swift in Sources */ = {isa = PBXBuildFile; fileRef = 709E424A1FD9D36A005A3676 /* ArtCell.swift */; };
		70ACAEB41FD72A0400811DDA /* DrawingView.swift in Sources */ = {isa = PBXBuildFile; fileRef = 70ACAEB31FD72A0400811DDA /* DrawingView.swift */; };
		70BD15171FE9A4CC006BC3A4 /* DeathScene.swift in Sources */ = {isa = PBXBuildFile; fileRef = 70BD15161FE9A4CC006BC3A4 /* DeathScene.swift */; };
/* End PBXBuildFile section */

/* Begin PBXFileReference section */
		701878781FE1AB0500DA9AB7 /* StartScene.swift */ = {isa = PBXFileReference; fileEncoding = 4; lastKnownFileType = sourcecode.swift; path = StartScene.swift; sourceTree = "<group>"; };
		701878791FE1AB0500DA9AB7 /* LevelCompleteScene.swift */ = {isa = PBXFileReference; fileEncoding = 4; lastKnownFileType = sourcecode.swift; path = LevelCompleteScene.swift; sourceTree = "<group>"; };
		7018787C1FE1AB1200DA9AB7 /* GameScene.swift */ = {isa = PBXFileReference; fileEncoding = 4; lastKnownFileType = sourcecode.swift; path = GameScene.swift; sourceTree = "<group>"; };
		7018787E1FE1ADF200DA9AB7 /* laser sound.mp3 */ = {isa = PBXFileReference; lastKnownFileType = audio.mp3; path = "laser sound.mp3"; sourceTree = "<group>"; };
		7018787F1FE1ADF200DA9AB7 /* powerup sound.mp3 */ = {isa = PBXFileReference; lastKnownFileType = audio.mp3; path = "powerup sound.mp3"; sourceTree = "<group>"; };
		701878801FE1ADF200DA9AB7 /* invader sound.mp3 */ = {isa = PBXFileReference; lastKnownFileType = audio.mp3; path = "invader sound.mp3"; sourceTree = "<group>"; };
		701878811FE1ADF200DA9AB7 /* boss sound.mp3 */ = {isa = PBXFileReference; lastKnownFileType = audio.mp3; path = "boss sound.mp3"; sourceTree = "<group>"; };
		701878821FE1ADF200DA9AB7 /* extra sound.mp3 */ = {isa = PBXFileReference; lastKnownFileType = audio.mp3; path = "extra sound.mp3"; sourceTree = "<group>"; };
		701878891FE1AE8F00DA9AB7 /* Utilities.swift */ = {isa = PBXFileReference; fileEncoding = 4; lastKnownFileType = sourcecode.swift; path = Utilities.swift; sourceTree = "<group>"; };
		7018788B1FE1AF5A00DA9AB7 /* StarField.sks */ = {isa = PBXFileReference; lastKnownFileType = file.sks; path = StarField.sks; sourceTree = "<group>"; };
		7018788D1FE1B2BF00DA9AB7 /* Invader.swift */ = {isa = PBXFileReference; fileEncoding = 4; lastKnownFileType = sourcecode.swift; path = Invader.swift; sourceTree = "<group>"; };
		7018788E1FE1B2BF00DA9AB7 /* Projectile.swift */ = {isa = PBXFileReference; fileEncoding = 4; lastKnownFileType = sourcecode.swift; path = Projectile.swift; sourceTree = "<group>"; };
		7018788F1FE1B2BF00DA9AB7 /* InvaderLaser.swift */ = {isa = PBXFileReference; fileEncoding = 4; lastKnownFileType = sourcecode.swift; path = InvaderLaser.swift; sourceTree = "<group>"; };
		701878901FE1B2BF00DA9AB7 /* Player.swift */ = {isa = PBXFileReference; fileEncoding = 4; lastKnownFileType = sourcecode.swift; path = Player.swift; sourceTree = "<group>"; };
		701878911FE1B2BF00DA9AB7 /* PlayerLaser.swift */ = {isa = PBXFileReference; fileEncoding = 4; lastKnownFileType = sourcecode.swift; path = PlayerLaser.swift; sourceTree = "<group>"; };
		7018EACE1FCF39D4002EFDD0 /* InternetDetailViewController.swift */ = {isa = PBXFileReference; lastKnownFileType = sourcecode.swift; path = InternetDetailViewController.swift; sourceTree = "<group>"; };
		7018EAD11FCF3BB7002EFDD0 /* WebKit.framework */ = {isa = PBXFileReference; lastKnownFileType = wrapper.framework; name = WebKit.framework; path = System/Library/Frameworks/WebKit.framework; sourceTree = SDKROOT; };
		7051F0FF1FA2574E00A88E06 /* AJ_CSP.app */ = {isa = PBXFileReference; explicitFileType = wrapper.application; includeInIndex = 0; path = AJ_CSP.app; sourceTree = BUILT_PRODUCTS_DIR; };
		7051F1021FA2574E00A88E06 /* AppDelegate.swift */ = {isa = PBXFileReference; lastKnownFileType = sourcecode.swift; path = AppDelegate.swift; sourceTree = "<group>"; };
		7051F1041FA2574E00A88E06 /* ViewController.swift */ = {isa = PBXFileReference; lastKnownFileType = sourcecode.swift; path = ViewController.swift; sourceTree = "<group>"; };
		7051F1071FA2574E00A88E06 /* Base */ = {isa = PBXFileReference; lastKnownFileType = file.storyboard; name = Base; path = Base.lproj/Main.storyboard; sourceTree = "<group>"; };
		7051F1091FA2574E00A88E06 /* Assets.xcassets */ = {isa = PBXFileReference; lastKnownFileType = folder.assetcatalog; path = Assets.xcassets; sourceTree = "<group>"; };
		7051F10E1FA2574E00A88E06 /* Info.plist */ = {isa = PBXFileReference; lastKnownFileType = text.plist.xml; path = Info.plist; sourceTree = "<group>"; };
		7051F1181FA25B9C00A88E06 /* CreativityViewController.swift */ = {isa = PBXFileReference; lastKnownFileType = sourcecode.swift; path = CreativityViewController.swift; sourceTree = "<group>"; };
		7051F11A1FA25BED00A88E06 /* AbstractionViewController.swift */ = {isa = PBXFileReference; lastKnownFileType = sourcecode.swift; path = AbstractionViewController.swift; sourceTree = "<group>"; };
		7051F11C1FA25C1800A88E06 /* DataViewController.swift */ = {isa = PBXFileReference; lastKnownFileType = sourcecode.swift; path = DataViewController.swift; sourceTree = "<group>"; };
		7051F11E1FA25C2E00A88E06 /* AlgorithmsViewController.swift */ = {isa = PBXFileReference; lastKnownFileType = sourcecode.swift; path = AlgorithmsViewController.swift; sourceTree = "<group>"; };
		7051F1201FA25C4000A88E06 /* ProgrammingViewController.swift */ = {isa = PBXFileReference; lastKnownFileType = sourcecode.swift; path = ProgrammingViewController.swift; sourceTree = "<group>"; };
		7051F1221FA25C6700A88E06 /* InternetMasterViewController.swift */ = {isa = PBXFileReference; lastKnownFileType = sourcecode.swift; path = InternetMasterViewController.swift; sourceTree = "<group>"; };
		7051F1241FA25C8000A88E06 /* GlobalImpactViewController.swift */ = {isa = PBXFileReference; lastKnownFileType = sourcecode.swift; path = GlobalImpactViewController.swift; sourceTree = "<group>"; };
		705F9C271FC361670012FC6E /* Punchable.swift */ = {isa = PBXFileReference; lastKnownFileType = sourcecode.swift; path = Punchable.swift; sourceTree = "<group>"; };
		705F9C291FC362890012FC6E /* Demon.swift */ = {isa = PBXFileReference; lastKnownFileType = sourcecode.swift; path = Demon.swift; sourceTree = "<group>"; };
		709E424A1FD9D36A005A3676 /* ArtCell.swift */ = {isa = PBXFileReference; lastKnownFileType = sourcecode.swift; path = ArtCell.swift; sourceTree = "<group>"; };
		70ACAEB31FD72A0400811DDA /* DrawingView.swift */ = {isa = PBXFileReference; lastKnownFileType = sourcecode.swift; path = DrawingView.swift; sourceTree = "<group>"; };
		70BD15161FE9A4CC006BC3A4 /* DeathScene.swift */ = {isa = PBXFileReference; lastKnownFileType = sourcecode.swift; path = DeathScene.swift; sourceTree = "<group>"; };
/* End PBXFileReference section */

/* Begin PBXFrameworksBuildPhase section */
		7051F0FC1FA2574E00A88E06 /* Frameworks */ = {
			isa = PBXFrameworksBuildPhase;
			buildActionMask = 2147483647;
			files = (
				7018EAD21FCF3BB7002EFDD0 /* WebKit.framework in Frameworks */,
			);
			runOnlyForDeploymentPostprocessing = 0;
		};
/* End PBXFrameworksBuildPhase section */

/* Begin PBXGroup section */
		701878881FE1ADFF00DA9AB7 /* Sounds */ = {
			isa = PBXGroup;
			children = (
				701878811FE1ADF200DA9AB7 /* boss sound.mp3 */,
				701878821FE1ADF200DA9AB7 /* extra sound.mp3 */,
				701878801FE1ADF200DA9AB7 /* invader sound.mp3 */,
				7018787E1FE1ADF200DA9AB7 /* laser sound.mp3 */,
				7018787F1FE1ADF200DA9AB7 /* powerup sound.mp3 */,
			);
			path = Sounds;
			sourceTree = "<group>";
		};
		701878971FE1B2C800DA9AB7 /* Model */ = {
			isa = PBXGroup;
			children = (
				7018788D1FE1B2BF00DA9AB7 /* Invader.swift */,
				701878901FE1B2BF00DA9AB7 /* Player.swift */,
				7018788E1FE1B2BF00DA9AB7 /* Projectile.swift */,
				7018788F1FE1B2BF00DA9AB7 /* InvaderLaser.swift */,
				701878911FE1B2BF00DA9AB7 /* PlayerLaser.swift */,
			);
			path = Model;
			sourceTree = "<group>";
		};
		7018EAD01FCF3BB6002EFDD0 /* Frameworks */ = {
			isa = PBXGroup;
			children = (
				7018EAD11FCF3BB7002EFDD0 /* WebKit.framework */,
			);
			name = Frameworks;
			sourceTree = "<group>";
		};
		7051F0F61FA2574E00A88E06 = {
			isa = PBXGroup;
			children = (
				7051F1011FA2574E00A88E06 /* AJ_CSP */,
				7051F1001FA2574E00A88E06 /* Products */,
				7018EAD01FCF3BB6002EFDD0 /* Frameworks */,
			);
			sourceTree = "<group>";
		};
		7051F1001FA2574E00A88E06 /* Products */ = {
			isa = PBXGroup;
			children = (
				7051F0FF1FA2574E00A88E06 /* AJ_CSP.app */,
			);
			name = Products;
			sourceTree = "<group>";
		};
		7051F1011FA2574E00A88E06 /* AJ_CSP */ = {
			isa = PBXGroup;
			children = (
				7051F1171FA2579400A88E06 /* Controller */,
				7051F1161FA2578D00A88E06 /* View */,
				7051F1141FA2576800A88E06 /* Resources */,
				701878971FE1B2C800DA9AB7 /* Model */,
				7051F1151FA2577300A88E06 /* Model */,
			);
			path = AJ_CSP;
			sourceTree = "<group>";
		};
		7051F1141FA2576800A88E06 /* Resources */ = {
			isa = PBXGroup;
			children = (
				701878881FE1ADFF00DA9AB7 /* Sounds */,
				701878891FE1AE8F00DA9AB7 /* Utilities.swift */,
				7051F1091FA2574E00A88E06 /* Assets.xcassets */,
				7051F10E1FA2574E00A88E06 /* Info.plist */,
			);
			path = Resources;
			sourceTree = "<group>";
		};
		7051F1151FA2577300A88E06 /* Model */ = {
			isa = PBXGroup;
			children = (
				705F9C271FC361670012FC6E /* Punchable.swift */,
				705F9C291FC362890012FC6E /* Demon.swift */,
			);
			name = Model;
			path = "New Group";
			sourceTree = "<group>";
		};
		7051F1161FA2578D00A88E06 /* View */ = {
			isa = PBXGroup;
			children = (
				7051F1061FA2574E00A88E06 /* Main.storyboard */,
				70ACAEB31FD72A0400811DDA /* DrawingView.swift */,
				7018788B1FE1AF5A00DA9AB7 /* StarField.sks */,
			);
			path = View;
			sourceTree = "<group>";
		};
		7051F1171FA2579400A88E06 /* Controller */ = {
			isa = PBXGroup;
			children = (
				7018787C1FE1AB1200DA9AB7 /* GameScene.swift */,
				701878791FE1AB0500DA9AB7 /* LevelCompleteScene.swift */,
				701878781FE1AB0500DA9AB7 /* StartScene.swift */,
				7051F1021FA2574E00A88E06 /* AppDelegate.swift */,
				70BD15161FE9A4CC006BC3A4 /* DeathScene.swift */,
				7051F1041FA2574E00A88E06 /* ViewController.swift */,
				7051F1181FA25B9C00A88E06 /* CreativityViewController.swift */,
				709E424A1FD9D36A005A3676 /* ArtCell.swift */,
				7051F11C1FA25C1800A88E06 /* DataViewController.swift */,
				7051F11A1FA25BED00A88E06 /* AbstractionViewController.swift */,
				7051F11E1FA25C2E00A88E06 /* AlgorithmsViewController.swift */,
				7051F1241FA25C8000A88E06 /* GlobalImpactViewController.swift */,
				7051F1201FA25C4000A88E06 /* ProgrammingViewController.swift */,
				7018EACE1FCF39D4002EFDD0 /* InternetDetailViewController.swift */,
				7051F1221FA25C6700A88E06 /* InternetMasterViewController.swift */,
			);
			path = Controller;
			sourceTree = "<group>";
		};
/* End PBXGroup section */

/* Begin PBXNativeTarget section */
		7051F0FE1FA2574E00A88E06 /* AJ_CSP */ = {
			isa = PBXNativeTarget;
			buildConfigurationList = 7051F1111FA2574E00A88E06 /* Build configuration list for PBXNativeTarget "AJ_CSP" */;
			buildPhases = (
				7051F0FB1FA2574E00A88E06 /* Sources */,
				7051F0FC1FA2574E00A88E06 /* Frameworks */,
				7051F0FD1FA2574E00A88E06 /* Resources */,
			);
			buildRules = (
			);
			dependencies = (
			);
			name = AJ_CSP;
			productName = AJ_CSP;
			productReference = 7051F0FF1FA2574E00A88E06 /* AJ_CSP.app */;
			productType = "com.apple.product-type.application";
		};
/* End PBXNativeTarget section */

/* Begin PBXProject section */
		7051F0F71FA2574E00A88E06 /* Project object */ = {
			isa = PBXProject;
			attributes = {
				LastSwiftUpdateCheck = 0900;
				LastUpgradeCheck = 0900;
				ORGANIZATIONNAME = "Woolsey, Adam";
				TargetAttributes = {
					7051F0FE1FA2574E00A88E06 = {
						CreatedOnToolsVersion = 9.0;
						ProvisioningStyle = Automatic;
					};
				};
			};
			buildConfigurationList = 7051F0FA1FA2574E00A88E06 /* Build configuration list for PBXProject "AJ_CSP" */;
			compatibilityVersion = "Xcode 8.0";
			developmentRegion = en;
			hasScannedForEncodings = 0;
			knownRegions = (
				en,
				Base,
			);
			mainGroup = 7051F0F61FA2574E00A88E06;
			productRefGroup = 7051F1001FA2574E00A88E06 /* Products */;
			projectDirPath = "";
			projectRoot = "";
			targets = (
				7051F0FE1FA2574E00A88E06 /* AJ_CSP */,
			);
		};
/* End PBXProject section */

/* Begin PBXResourcesBuildPhase section */
		7051F0FD1FA2574E00A88E06 /* Resources */ = {
			isa = PBXResourcesBuildPhase;
			buildActionMask = 2147483647;
			files = (
				701878861FE1ADF200DA9AB7 /* boss sound.mp3 in Resources */,
				701878871FE1ADF200DA9AB7 /* extra sound.mp3 in Resources */,
				701878831FE1ADF200DA9AB7 /* laser sound.mp3 in Resources */,
				7051F10A1FA2574E00A88E06 /* Assets.xcassets in Resources */,
				7051F1081FA2574E00A88E06 /* Main.storyboard in Resources */,
				7018788C1FE1AF5A00DA9AB7 /* StarField.sks in Resources */,
				701878841FE1ADF200DA9AB7 /* powerup sound.mp3 in Resources */,
				701878851FE1ADF200DA9AB7 /* invader sound.mp3 in Resources */,
			);
			runOnlyForDeploymentPostprocessing = 0;
		};
/* End PBXResourcesBuildPhase section */

/* Begin PBXSourcesBuildPhase section */
		7051F0FB1FA2574E00A88E06 /* Sources */ = {
			isa = PBXSourcesBuildPhase;
			buildActionMask = 2147483647;
			files = (
				701878951FE1B2C000DA9AB7 /* Player.swift in Sources */,
				701878931FE1B2C000DA9AB7 /* Projectile.swift in Sources */,
				7051F11F1FA25C2E00A88E06 /* AlgorithmsViewController.swift in Sources */,
				709E424B1FD9D36A005A3676 /* ArtCell.swift in Sources */,
				7018787B1FE1AB0500DA9AB7 /* LevelCompleteScene.swift in Sources */,
				7051F1231FA25C6700A88E06 /* InternetMasterViewController.swift in Sources */,
				7051F1191FA25B9C00A88E06 /* CreativityViewController.swift in Sources */,
				7051F11B1FA25BED00A88E06 /* AbstractionViewController.swift in Sources */,
				701878941FE1B2C000DA9AB7 /* InvaderLaser.swift in Sources */,
				701878921FE1B2C000DA9AB7 /* Invader.swift in Sources */,
				7018788A1FE1AE8F00DA9AB7 /* Utilities.swift in Sources */,
				701878961FE1B2C000DA9AB7 /* PlayerLaser.swift in Sources */,
				7018EACF1FCF39D4002EFDD0 /* InternetDetailViewController.swift in Sources */,
				70ACAEB41FD72A0400811DDA /* DrawingView.swift in Sources */,
				705F9C2A1FC362890012FC6E /* Demon.swift in Sources */,
				705F9C281FC361670012FC6E /* Punchable.swift in Sources */,
				7051F1051FA2574E00A88E06 /* ViewController.swift in Sources */,
				7018787D1FE1AB1200DA9AB7 /* GameScene.swift in Sources */,
				7051F1251FA25C8000A88E06 /* GlobalImpactViewController.swift in Sources */,
				7051F11D1FA25C1800A88E06 /* DataViewController.swift in Sources */,
				7051F1031FA2574E00A88E06 /* AppDelegate.swift in Sources */,
				7018787A1FE1AB0500DA9AB7 /* StartScene.swift in Sources */,
				7051F1211FA25C4000A88E06 /* ProgrammingViewController.swift in Sources */,
				70BD15171FE9A4CC006BC3A4 /* DeathScene.swift in Sources */,
			);
			runOnlyForDeploymentPostprocessing = 0;
		};
/* End PBXSourcesBuildPhase section */

/* Begin PBXVariantGroup section */
		7051F1061FA2574E00A88E06 /* Main.storyboard */ = {
			isa = PBXVariantGroup;
			children = (
				7051F1071FA2574E00A88E06 /* Base */,
			);
			name = Main.storyboard;
			sourceTree = "<group>";
		};
/* End PBXVariantGroup section */

/* Begin XCBuildConfiguration section */
		7051F10F1FA2574E00A88E06 /* Debug */ = {
			isa = XCBuildConfiguration;
			buildSettings = {
				ALWAYS_SEARCH_USER_PATHS = NO;
				CLANG_ANALYZER_NONNULL = YES;
				CLANG_ANALYZER_NUMBER_OBJECT_CONVERSION = YES_AGGRESSIVE;
				CLANG_CXX_LANGUAGE_STANDARD = "gnu++14";
				CLANG_CXX_LIBRARY = "libc++";
				CLANG_ENABLE_MODULES = YES;
				CLANG_ENABLE_OBJC_ARC = YES;
				CLANG_WARN_BLOCK_CAPTURE_AUTORELEASING = YES;
				CLANG_WARN_BOOL_CONVERSION = YES;
				CLANG_WARN_COMMA = YES;
				CLANG_WARN_CONSTANT_CONVERSION = YES;
				CLANG_WARN_DIRECT_OBJC_ISA_USAGE = YES_ERROR;
				CLANG_WARN_DOCUMENTATION_COMMENTS = YES;
				CLANG_WARN_EMPTY_BODY = YES;
				CLANG_WARN_ENUM_CONVERSION = YES;
				CLANG_WARN_INFINITE_RECURSION = YES;
				CLANG_WARN_INT_CONVERSION = YES;
				CLANG_WARN_NON_LITERAL_NULL_CONVERSION = YES;
				CLANG_WARN_OBJC_LITERAL_CONVERSION = YES;
				CLANG_WARN_OBJC_ROOT_CLASS = YES_ERROR;
				CLANG_WARN_RANGE_LOOP_ANALYSIS = YES;
				CLANG_WARN_STRICT_PROTOTYPES = YES;
				CLANG_WARN_SUSPICIOUS_MOVE = YES;
				CLANG_WARN_UNGUARDED_AVAILABILITY = YES_AGGRESSIVE;
				CLANG_WARN_UNREACHABLE_CODE = YES;
				CLANG_WARN__DUPLICATE_METHOD_MATCH = YES;
				CODE_SIGN_IDENTITY = "iPhone Developer";
				COPY_PHASE_STRIP = NO;
				DEBUG_INFORMATION_FORMAT = dwarf;
				ENABLE_STRICT_OBJC_MSGSEND = YES;
				ENABLE_TESTABILITY = YES;
				GCC_C_LANGUAGE_STANDARD = gnu11;
				GCC_DYNAMIC_NO_PIC = NO;
				GCC_NO_COMMON_BLOCKS = YES;
				GCC_OPTIMIZATION_LEVEL = 0;
				GCC_PREPROCESSOR_DEFINITIONS = (
					"DEBUG=1",
					"$(inherited)",
				);
				GCC_WARN_64_TO_32_BIT_CONVERSION = YES;
				GCC_WARN_ABOUT_RETURN_TYPE = YES_ERROR;
				GCC_WARN_UNDECLARED_SELECTOR = YES;
				GCC_WARN_UNINITIALIZED_AUTOS = YES_AGGRESSIVE;
				GCC_WARN_UNUSED_FUNCTION = YES;
				GCC_WARN_UNUSED_VARIABLE = YES;
				IPHONEOS_DEPLOYMENT_TARGET = 11.0;
				MTL_ENABLE_DEBUG_INFO = YES;
				ONLY_ACTIVE_ARCH = YES;
				SDKROOT = iphoneos;
				SWIFT_ACTIVE_COMPILATION_CONDITIONS = DEBUG;
				SWIFT_OPTIMIZATION_LEVEL = "-Onone";
			};
			name = Debug;
		};
		7051F1101FA2574E00A88E06 /* Release */ = {
			isa = XCBuildConfiguration;
			buildSettings = {
				ALWAYS_SEARCH_USER_PATHS = NO;
				CLANG_ANALYZER_NONNULL = YES;
				CLANG_ANALYZER_NUMBER_OBJECT_CONVERSION = YES_AGGRESSIVE;
				CLANG_CXX_LANGUAGE_STANDARD = "gnu++14";
				CLANG_CXX_LIBRARY = "libc++";
				CLANG_ENABLE_MODULES = YES;
				CLANG_ENABLE_OBJC_ARC = YES;
				CLANG_WARN_BLOCK_CAPTURE_AUTORELEASING = YES;
				CLANG_WARN_BOOL_CONVERSION = YES;
				CLANG_WARN_COMMA = YES;
				CLANG_WARN_CONSTANT_CONVERSION = YES;
				CLANG_WARN_DIRECT_OBJC_ISA_USAGE = YES_ERROR;
				CLANG_WARN_DOCUMENTATION_COMMENTS = YES;
				CLANG_WARN_EMPTY_BODY = YES;
				CLANG_WARN_ENUM_CONVERSION = YES;
				CLANG_WARN_INFINITE_RECURSION = YES;
				CLANG_WARN_INT_CONVERSION = YES;
				CLANG_WARN_NON_LITERAL_NULL_CONVERSION = YES;
				CLANG_WARN_OBJC_LITERAL_CONVERSION = YES;
				CLANG_WARN_OBJC_ROOT_CLASS = YES_ERROR;
				CLANG_WARN_RANGE_LOOP_ANALYSIS = YES;
				CLANG_WARN_STRICT_PROTOTYPES = YES;
				CLANG_WARN_SUSPICIOUS_MOVE = YES;
				CLANG_WARN_UNGUARDED_AVAILABILITY = YES_AGGRESSIVE;
				CLANG_WARN_UNREACHABLE_CODE = YES;
				CLANG_WARN__DUPLICATE_METHOD_MATCH = YES;
				CODE_SIGN_IDENTITY = "iPhone Developer";
				COPY_PHASE_STRIP = NO;
				DEBUG_INFORMATION_FORMAT = "dwarf-with-dsym";
				ENABLE_NS_ASSERTIONS = NO;
				ENABLE_STRICT_OBJC_MSGSEND = YES;
				GCC_C_LANGUAGE_STANDARD = gnu11;
				GCC_NO_COMMON_BLOCKS = YES;
				GCC_WARN_64_TO_32_BIT_CONVERSION = YES;
				GCC_WARN_ABOUT_RETURN_TYPE = YES_ERROR;
				GCC_WARN_UNDECLARED_SELECTOR = YES;
				GCC_WARN_UNINITIALIZED_AUTOS = YES_AGGRESSIVE;
				GCC_WARN_UNUSED_FUNCTION = YES;
				GCC_WARN_UNUSED_VARIABLE = YES;
				IPHONEOS_DEPLOYMENT_TARGET = 11.0;
				MTL_ENABLE_DEBUG_INFO = NO;
				SDKROOT = iphoneos;
				SWIFT_OPTIMIZATION_LEVEL = "-Owholemodule";
				VALIDATE_PRODUCT = YES;
			};
			name = Release;
		};
		7051F1121FA2574E00A88E06 /* Debug */ = {
			isa = XCBuildConfiguration;
			buildSettings = {
				ASSETCATALOG_COMPILER_APPICON_NAME = AppIcon;
				CODE_SIGN_STYLE = Automatic;
				DEVELOPMENT_TEAM = X77K8LBKTS;
				INFOPLIST_FILE = "$(SRCROOT)/AJ_CSP/Resources/Info.plist";
				LD_RUNPATH_SEARCH_PATHS = "$(inherited) @executable_path/Frameworks";
				PRODUCT_BUNDLE_IDENTIFIER = "CTEC.AJ-CSP";
				PRODUCT_NAME = "$(TARGET_NAME)";
				SWIFT_VERSION = 4.0;
				TARGETED_DEVICE_FAMILY = "1,2";
			};
			name = Debug;
		};
		7051F1131FA2574E00A88E06 /* Release */ = {
			isa = XCBuildConfiguration;
			buildSettings = {
				ASSETCATALOG_COMPILER_APPICON_NAME = AppIcon;
				CODE_SIGN_STYLE = Automatic;
				DEVELOPMENT_TEAM = X77K8LBKTS;
				INFOPLIST_FILE = "$(SRCROOT)/AJ_CSP/Resources/Info.plist";
				LD_RUNPATH_SEARCH_PATHS = "$(inherited) @executable_path/Frameworks";
				PRODUCT_BUNDLE_IDENTIFIER = "CTEC.AJ-CSP";
				PRODUCT_NAME = "$(TARGET_NAME)";
				SWIFT_VERSION = 4.0;
				TARGETED_DEVICE_FAMILY = "1,2";
			};
			name = Release;
		};
/* End XCBuildConfiguration section */

/* Begin XCConfigurationList section */
		7051F0FA1FA2574E00A88E06 /* Build configuration list for PBXProject "AJ_CSP" */ = {
			isa = XCConfigurationList;
			buildConfigurations = (
				7051F10F1FA2574E00A88E06 /* Debug */,
				7051F1101FA2574E00A88E06 /* Release */,
			);
			defaultConfigurationIsVisible = 0;
			defaultConfigurationName = Release;
		};
		7051F1111FA2574E00A88E06 /* Build configuration list for PBXNativeTarget "AJ_CSP" */ = {
			isa = XCConfigurationList;
			buildConfigurations = (
				7051F1121FA2574E00A88E06 /* Debug */,
				7051F1131FA2574E00A88E06 /* Release */,
			);
			defaultConfigurationIsVisible = 0;
			defaultConfigurationName = Release;
		};
/* End XCConfigurationList section */
	};
	rootObject = 7051F0F71FA2574E00A88E06 /* Project object */;
}
